github.com/alfredyang1986/blackmirror v0.0.12 h1:loV14F57AT5esTnDfhorz+HYEX23NocbDTxVByBmHSY=
github.com/alfredyang1986/blackmirror v0.0.12/go.mod h1:NpL3ZW9nRZgX+wC12NCLeZeXWerNH+Htb0ZDR27iAco=
github.com/confluentinc/confluent-kafka-go v1.0.0 h1:y+G9NTXsvoelf1cRzjtLKOZsPqh71noS4+t+e+eINIk=
github.com/confluentinc/confluent-kafka-go v1.0.0/go.mod h1:u2zNLny2xq+5rWeTQjFHbDzzNuba4P1vo31r9r4uAdg=
github.com/davecgh/go-spew v1.1.1 h1:vj9j/u1bqnvCEfJOwUhtlOARqs3+rkHYY13jYWTU97c=
github.com/davecgh/go-spew v1.1.1/go.mod h1:J7Y8YcW2NihsgmVo/mv3lAwl/skON4iLHjSsI+c5H38=
github.com/elodina/go-avro v0.0.0-20160406082632-0c8185d9a3ba h1:QkK2L3uvEaZJ40iFZbiMKz/yQF/MI2uaNO2iyV/ve6w=
github.com/elodina/go-avro v0.0.0-20160406082632-0c8185d9a3ba/go.mod h1:3A7SOsr8WBIpkWUsqzMpR3tIQbanKqxZcis2GSl12Nk=
github.com/elodina/go-kafka-avro v0.0.0-20160422130714-ab6b1d1c9a23 h1:scSTNYGNfc6psTqyUnha3ABl3Rn8K9zzsA5jAAIRIa8=
github.com/elodina/go-kafka-avro v0.0.0-20160422130714-ab6b1d1c9a23/go.mod h1:z5hZMZ9gy20BI5BpG1qd7ZssNB2H8hDXnY5OjnX8TzE=
github.com/golang/sys v0.0.0-20190422165155-953cdadca894 h1:C9ZDFLCRWOewEpp/wj0dsonEXGfatyyu3Z6rhdD3W5A=
github.com/golang/sys v0.0.0-20190422165155-953cdadca894/go.mod h1:h1NjWce9XRLGQEsW7wpKNCjG9DtNlClVuFLEZdDNbEs=
github.com/hashicorp/go-uuid v1.0.1 h1:fv1ep09latC32wFoVwnqcnKJGnMSdBanPczbHAYm1BE=
github.com/hashicorp/go-uuid v1.0.1/go.mod h1:6SBZvOh/SIDV7/2o3Jml5SYk/TvGqwFJ/bN7x4byOro=
github.com/konsorten/go-windows-terminal-sequences v1.0.1 h1:mweAR1A6xJ3oS2pRaGiHgQ4OO8tzTaLawm8vnODuwDk=
github.com/konsorten/go-windows-terminal-sequences v1.0.1/go.mod h1:T0+1ngSBFLxvqU3pZ+m/2kptfBszLMUkC4ZK/EgS/cQ=
github.com/kr/pretty v0.1.0 h1:L/CwN0zerZDmRFUapSPitk6f+Q3+0za1rQkzVuMiMFI=
github.com/kr/pretty v0.1.0/go.mod h1:dAy3ld7l9f0ibDNOQOHHMYYIIbhfbHSm3C4ZsoJORNo=
github.com/kr/pty v1.1.1/go.mod h1:pFQYn66WHrOpPYNljwOMqo10TkYh1fy3cYio2l3bCsQ=
github.com/kr/text v0.1.0 h1:45sCR5RtlFHMR4UwH9sdQ5TC8v0qDQCHnXt+kaKSTVE=
github.com/kr/text v0.1.0/go.mod h1:4Jbv+DJW3UT/LiOwJeYQe1efqtUx/iVham/4vfdArNI=
github.com/luosangnanka/goinfo v0.0.0-20140718033304-56fe96cbed9d h1:Pnn412xoBuF/SG2WeVXcjXkmcqff7yXx+zkUXMJ0Pvg=
github.com/luosangnanka/goinfo v0.0.0-20140718033304-56fe96cbed9d/go.mod h1:YaGbM7A2Mu4hLRWWrUgdqHpCo4rooStESZuWHIxIqdE=
github.com/pmezard/go-difflib v1.0.0 h1:4DBwDE0NGyQoBHbLQYPwSUPoCMWR5BEzIk/f1lZbAQM=
github.com/pmezard/go-difflib v1.0.0/go.mod h1:iKH77koFhYxTK1pcRnkKkqfTogsbg7gZNVY4sRDYZ/4=
github.com/sirupsen/logrus v1.4.2 h1:SPIRibHv4MatM3XXNO2BJeFLZwZ2LvZgfQ5+UNI2im4=
github.com/sirupsen/logrus v1.4.2/go.mod h1:tLMulIdttU9McNUspp0xgXVQah82FyeX6MwdIuYE2rE=
github.com/stretchr/objx v0.1.1/go.mod h1:HFkY916IF+rwdDfMAkV7OtwuqBVzrE8GR6GFx+wExME=
github.com/stretchr/testify v1.2.2 h1:bSDNvY7ZPG5RlJ8otE/7V6gMiyenm9RtJ7IUVIAoJ1w=
github.com/stretchr/testify v1.2.2/go.mod h1:a8OnRcib4nhh0OaRAV+Yts87kKdq0PP7pXfy6kDkUVs=
gopkg.in/check.v1 v0.0.0-20161208181325-20d25e280405/go.mod h1:Co6ibVJAznAaIkqp8huTwlJQCZ016jof/cbN4VW5Yz0=
gopkg.in/check.v1 v1.0.0-20180628173108-788fd7840127 h1:qIbj1fsPNlZgppZ+VLlY7N33q108Sa+fhmuc+sWQYwY=
gopkg.in/check.v1 v1.0.0-20180628173108-788fd7840127/go.mod h1:Co6ibVJAznAaIkqp8huTwlJQCZ016jof/cbN4VW5Yz0=
gopkg.in/mgo.v2 v2.0.0-20180705113604-9856a29383ce h1:xcEWjVhvbDy+nHP67nPDDpbYrY+ILlfndk4bRioVHaU=
gopkg.in/mgo.v2 v2.0.0-20180705113604-9856a29383ce/go.mod h1:yeKp02qBN3iKW1OzL3MGk2IdtZzaj7SFntXj72NppTA=
gopkg.in/yaml.v2 v2.2.2 h1:ZCJp+EgiOT7lHqUV2J862kp8Qj64Jo6az82+3Td9dZw=
gopkg.in/yaml.v2 v2.2.2/go.mod h1:hI93XBmqTisBFMUTm0b8Fm+jr3Dg1NNxqwp+5A1VGuI=
